
Microsoft Visual Studio Solution File, Format Version 12.00
# Visual Studio Version 17
VisualStudioVersion = 17.4.33213.308
MinimumVisualStudioVersion = 10.0.40219.1
Project("{FAE04EC0-301F-11D3-BF4B-00C04F79EFBC}") = "DevEmpowerApiV6", "DevEmpowerApiV6\DevEmpowerApiV6.csproj", "{A04A8537-EA7B-49A4-B622-B053920833E2}"
EndProject
Global
	GlobalSection(SolutionConfigurationPlatforms) = preSolution
		Debug|Any CPU = Debug|Any CPU
		Release|Any CPU = Release|Any CPU
	EndGlobalSection
	GlobalSection(ProjectConfigurationPlatforms) = postSolution
		{A04A8537-EA7B-49A4-B622-B053920833E2}.Debug|Any CPU.ActiveCfg = Debug|Any CPU
		{A04A8537-EA7B-49A4-B622-B053920833E2}.Debug|Any CPU.Build.0 = Debug|Any CPU
		{A04A8537-EA7B-49A4-B622-B053920833E2}.Release|Any CPU.ActiveCfg = Release|Any CPU
		{A04A8537-EA7B-49A4-B622-B053920833E2}.Release|Any CPU.Build.0 = Release|Any CPU
	EndGlobalSection
	GlobalSection(SolutionProperties) = preSolution
		HideSolutionNode = FALSE
	EndGlobalSection
	GlobalSection(ExtensibilityGlobals) = postSolution
		SolutionGuid = {FDB92768-EF84-475D-87A7-AE838D153132}
	EndGlobalSection
EndGlobal
